
Microsoft Visual Studio Solution File, Format Version 12.00
# Visual Studio Version 17
VisualStudioVersion = 17.2.32526.322
MinimumVisualStudioVersion = 10.0.40219.1
Project("{FAE04EC0-301F-11D3-BF4B-00C04F79EFBC}") = "EShop.ApiGateway", "EShop.ApiGateway\EShop.ApiGateway.csproj", "{8F763328-4C59-49ED-A876-66D8E5940DB3}"
EndProject
Project("{FAE04EC0-301F-11D3-BF4B-00C04F79EFBC}") = "EShop.User.Api", "EShop.User.Api\EShop.User.Api.csproj", "{AFABCDBA-7CD1-4BF7-BC63-204B90C158F0}"
EndProject
Project("{FAE04EC0-301F-11D3-BF4B-00C04F79EFBC}") = "EShop.Product.Api", "EShop.Product.Api\EShop.Product.Api.csproj", "{66D02410-0CDA-4420-9928-9D05CB390072}"
EndProject
Project("{FAE04EC0-301F-11D3-BF4B-00C04F79EFBC}") = "EShop.Order.Api", "EShop.Order.Api\EShop.Order.Api.csproj", "{72843D89-86DD-45B6-8DF2-B39056D988D3}"
EndProject
Project("{FAE04EC0-301F-11D3-BF4B-00C04F79EFBC}") = "EShop.Infrastructure", "EShop.Infrastructure\EShop.Infrastructure.csproj", "{04584744-544B-40E1-B0B2-B1F4AEACF99F}"
EndProject
Global
	GlobalSection(SolutionConfigurationPlatforms) = preSolution
		Debug|Any CPU = Debug|Any CPU
		Release|Any CPU = Release|Any CPU
	EndGlobalSection
	GlobalSection(ProjectConfigurationPlatforms) = postSolution
		{8F763328-4C59-49ED-A876-66D8E5940DB3}.Debug|Any CPU.ActiveCfg = Debug|Any CPU
		{8F763328-4C59-49ED-A876-66D8E5940DB3}.Debug|Any CPU.Build.0 = Debug|Any CPU
		{8F763328-4C59-49ED-A876-66D8E5940DB3}.Release|Any CPU.ActiveCfg = Release|Any CPU
		{8F763328-4C59-49ED-A876-66D8E5940DB3}.Release|Any CPU.Build.0 = Release|Any CPU
		{AFABCDBA-7CD1-4BF7-BC63-204B90C158F0}.Debug|Any CPU.ActiveCfg = Debug|Any CPU
		{AFABCDBA-7CD1-4BF7-BC63-204B90C158F0}.Debug|Any CPU.Build.0 = Debug|Any CPU
		{AFABCDBA-7CD1-4BF7-BC63-204B90C158F0}.Release|Any CPU.ActiveCfg = Release|Any CPU
		{AFABCDBA-7CD1-4BF7-BC63-204B90C158F0}.Release|Any CPU.Build.0 = Release|Any CPU
		{66D02410-0CDA-4420-9928-9D05CB390072}.Debug|Any CPU.ActiveCfg = Debug|Any CPU
		{66D02410-0CDA-4420-9928-9D05CB390072}.Debug|Any CPU.Build.0 = Debug|Any CPU
		{66D02410-0CDA-4420-9928-9D05CB390072}.Release|Any CPU.ActiveCfg = Release|Any CPU
		{66D02410-0CDA-4420-9928-9D05CB390072}.Release|Any CPU.Build.0 = Release|Any CPU
		{72843D89-86DD-45B6-8DF2-B39056D988D3}.Debug|Any CPU.ActiveCfg = Debug|Any CPU
		{72843D89-86DD-45B6-8DF2-B39056D988D3}.Debug|Any CPU.Build.0 = Debug|Any CPU
		{72843D89-86DD-45B6-8DF2-B39056D988D3}.Release|Any CPU.ActiveCfg = Release|Any CPU
		{72843D89-86DD-45B6-8DF2-B39056D988D3}.Release|Any CPU.Build.0 = Release|Any CPU
		{04584744-544B-40E1-B0B2-B1F4AEACF99F}.Debug|Any CPU.ActiveCfg = Debug|Any CPU
		{04584744-544B-40E1-B0B2-B1F4AEACF99F}.Debug|Any CPU.Build.0 = Debug|Any CPU
		{04584744-544B-40E1-B0B2-B1F4AEACF99F}.Release|Any CPU.ActiveCfg = Release|Any CPU
		{04584744-544B-40E1-B0B2-B1F4AEACF99F}.Release|Any CPU.Build.0 = Release|Any CPU
	EndGlobalSection
	GlobalSection(SolutionProperties) = preSolution
		HideSolutionNode = FALSE
	EndGlobalSection
	GlobalSection(ExtensibilityGlobals) = postSolution
		SolutionGuid = {EA72C9DB-71B0-48F2-BE20-ACB6957F9A6F}
	EndGlobalSection
EndGlobal
